
Microsoft Visual Studio Solution File, Format Version 12.00
# Visual Studio Version 17
VisualStudioVersion = 17.2.32630.192
MinimumVisualStudioVersion = 10.0.40219.1
Project("{8BC9CEB8-8B4A-11D0-8D11-00A0C91BC942}") = "client", "client\client.vcxproj", "{2C24F414-A79D-4361-8F4D-FA778383417D}"
EndProject
Project("{8BC9CEB8-8B4A-11D0-8D11-00A0C91BC942}") = "Engine", "Engine\Engine.vcxproj", "{B8D865AE-E927-4C29-A1EA-AD082402FE94}"
EndProject
Project("{8BC9CEB8-8B4A-11D0-8D11-00A0C91BC942}") = "Shader", "Shader\Shader.vcxitems", "{A590F3BF-0C40-428A-A602-BDBA17934953}"
EndProject
Global
	GlobalSection(SolutionConfigurationPlatforms) = preSolution
		Debug|ARM = Debug|ARM
		Debug|ARM64 = Debug|ARM64
		Debug|x64 = Debug|x64
		Debug|x86 = Debug|x86
		Release|ARM = Release|ARM
		Release|ARM64 = Release|ARM64
		Release|x64 = Release|x64
		Release|x86 = Release|x86
	EndGlobalSection
	GlobalSection(ProjectConfigurationPlatforms) = postSolution
		{2C24F414-A79D-4361-8F4D-FA778383417D}.Debug|ARM.ActiveCfg = Debug|x64
		{2C24F414-A79D-4361-8F4D-FA778383417D}.Debug|ARM.Build.0 = Debug|x64
		{2C24F414-A79D-4361-8F4D-FA778383417D}.Debug|ARM64.ActiveCfg = Debug|x64
		{2C24F414-A79D-4361-8F4D-FA778383417D}.Debug|ARM64.Build.0 = Debug|x64
		{2C24F414-A79D-4361-8F4D-FA778383417D}.Debug|x64.ActiveCfg = Debug|x64
		{2C24F414-A79D-4361-8F4D-FA778383417D}.Debug|x64.Build.0 = Debug|x64
		{2C24F414-A79D-4361-8F4D-FA778383417D}.Debug|x86.ActiveCfg = Debug|Win32
		{2C24F414-A79D-4361-8F4D-FA778383417D}.Debug|x86.Build.0 = Debug|Win32
		{2C24F414-A79D-4361-8F4D-FA778383417D}.Release|ARM.ActiveCfg = Release|x64
		{2C24F414-A79D-4361-8F4D-FA778383417D}.Release|ARM.Build.0 = Release|x64
		{2C24F414-A79D-4361-8F4D-FA778383417D}.Release|ARM64.ActiveCfg = Release|x64
		{2C24F414-A79D-4361-8F4D-FA778383417D}.Release|ARM64.Build.0 = Release|x64
		{2C24F414-A79D-4361-8F4D-FA778383417D}.Release|x64.ActiveCfg = Release|x64
		{2C24F414-A79D-4361-8F4D-FA778383417D}.Release|x64.Build.0 = Release|x64
		{2C24F414-A79D-4361-8F4D-FA778383417D}.Release|x86.ActiveCfg = Release|Win32
		{2C24F414-A79D-4361-8F4D-FA778383417D}.Release|x86.Build.0 = Release|Win32
		{B8D865AE-E927-4C29-A1EA-AD082402FE94}.Debug|ARM.ActiveCfg = Debug|x64
		{B8D865AE-E927-4C29-A1EA-AD082402FE94}.Debug|ARM.Build.0 = Debug|x64
		{B8D865AE-E927-4C29-A1EA-AD082402FE94}.Debug|ARM64.ActiveCfg = Debug|x64
		{B8D865AE-E927-4C29-A1EA-AD082402FE94}.Debug|ARM64.Build.0 = Debug|x64
		{B8D865AE-E927-4C29-A1EA-AD082402FE94}.Debug|x64.ActiveCfg = Debug|x64
		{B8D865AE-E927-4C29-A1EA-AD082402FE94}.Debug|x64.Build.0 = Debug|x64
		{B8D865AE-E927-4C29-A1EA-AD082402FE94}.Debug|x86.ActiveCfg = Debug|Win32
		{B8D865AE-E927-4C29-A1EA-AD082402FE94}.Debug|x86.Build.0 = Debug|Win32
		{B8D865AE-E927-4C29-A1EA-AD082402FE94}.Release|ARM.ActiveCfg = Release|x64
		{B8D865AE-E927-4C29-A1EA-AD082402FE94}.Release|ARM.Build.0 = Release|x64
		{B8D865AE-E927-4C29-A1EA-AD082402FE94}.Release|ARM64.ActiveCfg = Release|x64
		{B8D865AE-E927-4C29-A1EA-AD082402FE94}.Release|ARM64.Build.0 = Release|x64
		{B8D865AE-E927-4C29-A1EA-AD082402FE94}.Release|x64.ActiveCfg = Release|x64
		{B8D865AE-E927-4C29-A1EA-AD082402FE94}.Release|x64.Build.0 = Release|x64
		{B8D865AE-E927-4C29-A1EA-AD082402FE94}.Release|x86.ActiveCfg = Release|Win32
		{B8D865AE-E927-4C29-A1EA-AD082402FE94}.Release|x86.Build.0 = Release|Win32
	EndGlobalSection
	GlobalSection(SolutionProperties) = preSolution
		HideSolutionNode = FALSE
	EndGlobalSection
	GlobalSection(ExtensibilityGlobals) = postSolution
		SolutionGuid = {F7B47AAB-B23C-4575-B197-C959363EF6CD}
	EndGlobalSection
EndGlobal
