
Microsoft Visual Studio Solution File, Format Version 12.00
# Visual Studio Version 17
VisualStudioVersion = 17.2.32630.192
MinimumVisualStudioVersion = 10.0.40219.1
Project("{8BC9CEB8-8B4A-11D0-8D11-00A0C91BC942}") = "Editor_Window", "client\client.vcxproj", "{2C24F414-A79D-4361-8F4D-FA778383417D}"
EndProject
Project("{8BC9CEB8-8B4A-11D0-8D11-00A0C91BC942}") = "Engine_SOURCE", "Engine_SOURCE\Engine_SOURCE.vcxitems", "{6CBC971F-39E2-4A96-A61C-728E56EA6114}"
EndProject
Project("{8BC9CEB8-8B4A-11D0-8D11-00A0C91BC942}") = "Engine", "Engine\Engine.vcxproj", "{B8D865AE-E927-4C29-A1EA-AD082402FE94}"
EndProject
Project("{8BC9CEB8-8B4A-11D0-8D11-00A0C91BC942}") = "Shader_SOURCE", "Shader_SOURCE\Shader_SOURCE.vcxitems", "{16DB4E9B-9D59-4E10-B291-D71950EF4C3D}"
EndProject
Global
	GlobalSection(SolutionConfigurationPlatforms) = preSolution
		Debug|ARM = Debug|ARM
		Debug|ARM64 = Debug|ARM64
		Debug|x64 = Debug|x64
		Debug|x86 = Debug|x86
		Release|ARM = Release|ARM
		Release|ARM64 = Release|ARM64
		Release|x64 = Release|x64
		Release|x86 = Release|x86
	EndGlobalSection
	GlobalSection(ProjectConfigurationPlatforms) = postSolution
		{2C24F414-A79D-4361-8F4D-FA778383417D}.Debug|ARM.ActiveCfg = Debug|x64
		{2C24F414-A79D-4361-8F4D-FA778383417D}.Debug|ARM.Build.0 = Debug|x64
		{2C24F414-A79D-4361-8F4D-FA778383417D}.Debug|ARM64.ActiveCfg = Debug|x64
		{2C24F414-A79D-4361-8F4D-FA778383417D}.Debug|ARM64.Build.0 = Debug|x64
		{2C24F414-A79D-4361-8F4D-FA778383417D}.Debug|x64.ActiveCfg = Debug|x64
		{2C24F414-A79D-4361-8F4D-FA778383417D}.Debug|x64.Build.0 = Debug|x64
		{2C24F414-A79D-4361-8F4D-FA778383417D}.Debug|x86.ActiveCfg = Debug|Win32
		{2C24F414-A79D-4361-8F4D-FA778383417D}.Debug|x86.Build.0 = Debug|Win32
		{2C24F414-A79D-4361-8F4D-FA778383417D}.Release|ARM.ActiveCfg = Release|x64
		{2C24F414-A79D-4361-8F4D-FA778383417D}.Release|ARM.Build.0 = Release|x64
		{2C24F414-A79D-4361-8F4D-FA778383417D}.Release|ARM64.ActiveCfg = Release|x64
		{2C24F414-A79D-4361-8F4D-FA778383417D}.Release|ARM64.Build.0 = Release|x64
		{2C24F414-A79D-4361-8F4D-FA778383417D}.Release|x64.ActiveCfg = Release|x64
		{2C24F414-A79D-4361-8F4D-FA778383417D}.Release|x64.Build.0 = Release|x64
		{2C24F414-A79D-4361-8F4D-FA778383417D}.Release|x86.ActiveCfg = Release|Win32
		{2C24F414-A79D-4361-8F4D-FA778383417D}.Release|x86.Build.0 = Release|Win32
		{B8D865AE-E927-4C29-A1EA-AD082402FE94}.Debug|ARM.ActiveCfg = Debug|x64
		{B8D865AE-E927-4C29-A1EA-AD082402FE94}.Debug|ARM.Build.0 = Debug|x64
		{B8D865AE-E927-4C29-A1EA-AD082402FE94}.Debug|ARM64.ActiveCfg = Debug|x64
		{B8D865AE-E927-4C29-A1EA-AD082402FE94}.Debug|ARM64.Build.0 = Debug|x64
		{B8D865AE-E927-4C29-A1EA-AD082402FE94}.Debug|x64.ActiveCfg = Debug|x64
		{B8D865AE-E927-4C29-A1EA-AD082402FE94}.Debug|x64.Build.0 = Debug|x64
		{B8D865AE-E927-4C29-A1EA-AD082402FE94}.Debug|x86.ActiveCfg = Debug|Win32
		{B8D865AE-E927-4C29-A1EA-AD082402FE94}.Debug|x86.Build.0 = Debug|Win32
		{B8D865AE-E927-4C29-A1EA-AD082402FE94}.Release|ARM.ActiveCfg = Release|x64
		{B8D865AE-E927-4C29-A1EA-AD082402FE94}.Release|ARM.Build.0 = Release|x64
		{B8D865AE-E927-4C29-A1EA-AD082402FE94}.Release|ARM64.ActiveCfg = Release|x64
		{B8D865AE-E927-4C29-A1EA-AD082402FE94}.Release|ARM64.Build.0 = Release|x64
		{B8D865AE-E927-4C29-A1EA-AD082402FE94}.Release|x64.ActiveCfg = Release|x64
		{B8D865AE-E927-4C29-A1EA-AD082402FE94}.Release|x64.Build.0 = Release|x64
		{B8D865AE-E927-4C29-A1EA-AD082402FE94}.Release|x86.ActiveCfg = Release|Win32
		{B8D865AE-E927-4C29-A1EA-AD082402FE94}.Release|x86.Build.0 = Release|Win32
	EndGlobalSection
	GlobalSection(SolutionProperties) = preSolution
		HideSolutionNode = FALSE
	EndGlobalSection
	GlobalSection(ExtensibilityGlobals) = postSolution
		SolutionGuid = {F7B47AAB-B23C-4575-B197-C959363EF6CD}
	EndGlobalSection
	GlobalSection(SharedMSBuildProjectFiles) = preSolution
		Shader_SOURCE\Shader_SOURCE.vcxitems*{16db4e9b-9d59-4e10-b291-d71950ef4c3d}*SharedItemsImports = 9
		Engine_SOURCE\Engine_SOURCE.vcxitems*{2c24f414-a79d-4361-8f4d-fa778383417d}*SharedItemsImports = 4
		Engine_SOURCE\Engine_SOURCE.vcxitems*{6cbc971f-39e2-4a96-a61c-728e56ea6114}*SharedItemsImports = 9
		Engine_SOURCE\Engine_SOURCE.vcxitems*{b8d865ae-e927-4c29-a1ea-ad082402fe94}*SharedItemsImports = 4
	EndGlobalSection
EndGlobal
